// !$*UTF8*$!
{
	archiveVersion = 1;
	classes = {
	};
	objectVersion = 48;
	objects = {

/* Begin PBXBuildFile section */
		981B05741FF5F1330067411E /* AppDelegate.m in Sources */ = {isa = PBXBuildFile; fileRef = 981B05731FF5F1330067411E /* AppDelegate.m */; };
		981B05771FF5F1330067411E /* ViewController.m in Sources */ = {isa = PBXBuildFile; fileRef = 981B05761FF5F1330067411E /* ViewController.m */; };
		981B057A1FF5F1330067411E /* Main.storyboard in Resources */ = {isa = PBXBuildFile; fileRef = 981B05781FF5F1330067411E /* Main.storyboard */; };
		981B057C1FF5F1330067411E /* Assets.xcassets in Resources */ = {isa = PBXBuildFile; fileRef = 981B057B1FF5F1330067411E /* Assets.xcassets */; };
		981B057F1FF5F1330067411E /* LaunchScreen.storyboard in Resources */ = {isa = PBXBuildFile; fileRef = 981B057D1FF5F1330067411E /* LaunchScreen.storyboard */; };
		981B05821FF5F1330067411E /* main.m in Sources */ = {isa = PBXBuildFile; fileRef = 981B05811FF5F1330067411E /* main.m */; };
/* End PBXBuildFile section */

/* Begin PBXFileReference section */
		981B056F1FF5F1330067411E /* BackgroundDownload.app */ = {isa = PBXFileReference; explicitFileType = wrapper.application; includeInIndex = 0; path = BackgroundDownload.app; sourceTree = BUILT_PRODUCTS_DIR; };
		981B05721FF5F1330067411E /* AppDelegate.h */ = {isa = PBXFileReference; lastKnownFileType = sourcecode.c.h; path = AppDelegate.h; sourceTree = "<group>"; };
		981B05731FF5F1330067411E /* AppDelegate.m */ = {isa = PBXFileReference; lastKnownFileType = sourcecode.c.objc; path = AppDelegate.m; sourceTree = "<group>"; };
		981B05751FF5F1330067411E /* ViewController.h */ = {isa = PBXFileReference; lastKnownFileType = sourcecode.c.h; path = ViewController.h; sourceTree = "<group>"; };
		981B05761FF5F1330067411E /* ViewController.m */ = {isa = PBXFileReference; lastKnownFileType = sourcecode.c.objc; path = ViewController.m; sourceTree = "<group>"; };
		981B05791FF5F1330067411E /* Base */ = {isa = PBXFileReference; lastKnownFileType = file.storyboard; name = Base; path = Base.lproj/Main.storyboard; sourceTree = "<group>"; };
		981B057B1FF5F1330067411E /* Assets.xcassets */ = {isa = PBXFileReference; lastKnownFileType = folder.assetcatalog; path = Assets.xcassets; sourceTree = "<group>"; };
		981B057E1FF5F1330067411E /* Base */ = {isa = PBXFileReference; lastKnownFileType = file.storyboard; name = Base; path = Base.lproj/LaunchScreen.storyboard; sourceTree = "<group>"; };
		981B05801FF5F1330067411E /* Info.plist */ = {isa = PBXFileReference; lastKnownFileType = text.plist.xml; path = Info.plist; sourceTree = "<group>"; };
		981B05811FF5F1330067411E /* main.m */ = {isa = PBXFileReference; lastKnownFileType = sourcecode.c.objc; path = main.m; sourceTree = "<group>"; };
/* End PBXFileReference section */

/* Begin PBXFrameworksBuildPhase section */
		981B056C1FF5F1330067411E /* Frameworks */ = {
			isa = PBXFrameworksBuildPhase;
			buildActionMask = 2147483647;
			files = (
			);
			runOnlyForDeploymentPostprocessing = 0;
		};
/* End PBXFrameworksBuildPhase section */

/* Begin PBXGroup section */
		981B05661FF5F1330067411E = {
			isa = PBXGroup;
			children = (
				981B05711FF5F1330067411E /* BackgroundDownload */,
				981B05701FF5F1330067411E /* Products */,
			);
			sourceTree = "<group>";
		};
		981B05701FF5F1330067411E /* Products */ = {
			isa = PBXGroup;
			children = (
				981B056F1FF5F1330067411E /* BackgroundDownload.app */,
			);
			name = Products;
			sourceTree = "<group>";
		};
		981B05711FF5F1330067411E /* BackgroundDownload */ = {
			isa = PBXGroup;
			children = (
				981B05721FF5F1330067411E /* AppDelegate.h */,
				981B05731FF5F1330067411E /* AppDelegate.m */,
				981B05751FF5F1330067411E /* ViewController.h */,
				981B05761FF5F1330067411E /* ViewController.m */,
				981B05781FF5F1330067411E /* Main.storyboard */,
				981B057B1FF5F1330067411E /* Assets.xcassets */,
				981B057D1FF5F1330067411E /* LaunchScreen.storyboard */,
				981B05801FF5F1330067411E /* Info.plist */,
				981B05811FF5F1330067411E /* main.m */,
			);
			path = BackgroundDownload;
			sourceTree = "<group>";
		};
/* End PBXGroup section */

/* Begin PBXNativeTarget section */
		981B056E1FF5F1330067411E /* BackgroundDownload */ = {
			isa = PBXNativeTarget;
			buildConfigurationList = 981B05851FF5F1330067411E /* Build configuration list for PBXNativeTarget "BackgroundDownload" */;
			buildPhases = (
				981B056B1FF5F1330067411E /* Sources */,
				981B056C1FF5F1330067411E /* Frameworks */,
				981B056D1FF5F1330067411E /* Resources */,
			);
			buildRules = (
			);
			dependencies = (
			);
			name = BackgroundDownload;
			productName = BackgroundDownload;
			productReference = 981B056F1FF5F1330067411E /* BackgroundDownload.app */;
			productType = "com.apple.product-type.application";
		};
/* End PBXNativeTarget section */

/* Begin PBXProject section */
		981B05671FF5F1330067411E /* Project object */ = {
			isa = PBXProject;
			attributes = {
				LastUpgradeCheck = 0920;
				ORGANIZATIONNAME = QuanGe;
				TargetAttributes = {
					981B056E1FF5F1330067411E = {
						CreatedOnToolsVersion = 9.2;
						ProvisioningStyle = Automatic;
					};
				};
			};
			buildConfigurationList = 981B056A1FF5F1330067411E /* Build configuration list for PBXProject "BackgroundDownload" */;
			compatibilityVersion = "Xcode 8.0";
			developmentRegion = en;
			hasScannedForEncodings = 0;
			knownRegions = (
				en,
				Base,
			);
			mainGroup = 981B05661FF5F1330067411E;
			productRefGroup = 981B05701FF5F1330067411E /* Products */;
			projectDirPath = "";
			projectRoot = "";
			targets = (
				981B056E1FF5F1330067411E /* BackgroundDownload */,
			);
		};
/* End PBXProject section */

/* Begin PBXResourcesBuildPhase section */
		981B056D1FF5F1330067411E /* Resources */ = {
			isa = PBXResourcesBuildPhase;
			buildActionMask = 2147483647;
			files = (
				981B057F1FF5F1330067411E /* LaunchScreen.storyboard in Resources */,
				981B057C1FF5F1330067411E /* Assets.xcassets in Resources */,
				981B057A1FF5F1330067411E /* Main.storyboard in Resources */,
			);
			runOnlyForDeploymentPostprocessing = 0;
		};
/* End PBXResourcesBuildPhase section */

/* Begin PBXSourcesBuildPhase section */
		981B056B1FF5F1330067411E /* Sources */ = {
			isa = PBXSourcesBuildPhase;
			buildActionMask = 2147483647;
			files = (
				981B05771FF5F1330067411E /* ViewController.m in Sources */,
				981B05821FF5F1330067411E /* main.m in Sources */,
				981B05741FF5F1330067411E /* AppDelegate.m in Sources */,
			);
			runOnlyForDeploymentPostprocessing = 0;
		};
/* End PBXSourcesBuildPhase section */

/* Begin PBXVariantGroup section */
		981B05781FF5F1330067411E /* Main.storyboard */ = {
			isa = PBXVariantGroup;
			children = (
				981B05791FF5F1330067411E /* Base */,
			);
			name = Main.storyboard;
			sourceTree = "<group>";
		};
		981B057D1FF5F1330067411E /* LaunchScreen.storyboard */ = {
			isa = PBXVariantGroup;
			children = (
				981B057E1FF5F1330067411E /* Base */,
			);
			name = LaunchScreen.storyboard;
			sourceTree = "<group>";
		};
/* End PBXVariantGroup section */

/* Begin XCBuildConfiguration section */
		981B05831FF5F1330067411E /* Debug */ = {
			isa = XCBuildConfiguration;
			buildSettings = {
				ALWAYS_SEARCH_USER_PATHS = NO;
				CLANG_ANALYZER_NONNULL = YES;
				CLANG_ANALYZER_NUMBER_OBJECT_CONVERSION = YES_AGGRESSIVE;
				CLANG_CXX_LANGUAGE_STANDARD = "gnu++14";
				CLANG_CXX_LIBRARY = "libc++";
				CLANG_ENABLE_MODULES = YES;
				CLANG_ENABLE_OBJC_ARC = YES;
				CLANG_WARN_BLOCK_CAPTURE_AUTORELEASING = YES;
				CLANG_WARN_BOOL_CONVERSION = YES;
				CLANG_WARN_COMMA = YES;
				CLANG_WARN_CONSTANT_CONVERSION = YES;
				CLANG_WARN_DIRECT_OBJC_ISA_USAGE = YES_ERROR;
				CLANG_WARN_DOCUMENTATION_COMMENTS = YES;
				CLANG_WARN_EMPTY_BODY = YES;
				CLANG_WARN_ENUM_CONVERSION = YES;
				CLANG_WARN_INFINITE_RECURSION = YES;
				CLANG_WARN_INT_CONVERSION = YES;
				CLANG_WARN_NON_LITERAL_NULL_CONVERSION = YES;
				CLANG_WARN_OBJC_LITERAL_CONVERSION = YES;
				CLANG_WARN_OBJC_ROOT_CLASS = YES_ERROR;
				CLANG_WARN_RANGE_LOOP_ANALYSIS = YES;
				CLANG_WARN_STRICT_PROTOTYPES = YES;
				CLANG_WARN_SUSPICIOUS_MOVE = YES;
				CLANG_WARN_UNGUARDED_AVAILABILITY = YES_AGGRESSIVE;
				CLANG_WARN_UNREACHABLE_CODE = YES;
				CLANG_WARN__DUPLICATE_METHOD_MATCH = YES;
				CODE_SIGN_IDENTITY = "iPhone Developer";
				COPY_PHASE_STRIP = NO;
				DEBUG_INFORMATION_FORMAT = dwarf;
				ENABLE_STRICT_OBJC_MSGSEND = YES;
				ENABLE_TESTABILITY = YES;
				GCC_C_LANGUAGE_STANDARD = gnu11;
				GCC_DYNAMIC_NO_PIC = NO;
				GCC_NO_COMMON_BLOCKS = YES;
				GCC_OPTIMIZATION_LEVEL = 0;
				GCC_PREPROCESSOR_DEFINITIONS = (
					"DEBUG=1",
					"$(inherited)",
				);
				GCC_WARN_64_TO_32_BIT_CONVERSION = YES;
				GCC_WARN_ABOUT_RETURN_TYPE = YES_ERROR;
				GCC_WARN_UNDECLARED_SELECTOR = YES;
				GCC_WARN_UNINITIALIZED_AUTOS = YES_AGGRESSIVE;
				GCC_WARN_UNUSED_FUNCTION = YES;
				GCC_WARN_UNUSED_VARIABLE = YES;
				IPHONEOS_DEPLOYMENT_TARGET = 11.2;
				MTL_ENABLE_DEBUG_INFO = YES;
				ONLY_ACTIVE_ARCH = YES;
				SDKROOT = iphoneos;
			};
			name = Debug;
		};
		981B05841FF5F1330067411E /* Release */ = {
			isa = XCBuildConfiguration;
			buildSettings = {
				ALWAYS_SEARCH_USER_PATHS = NO;
				CLANG_ANALYZER_NONNULL = YES;
				CLANG_ANALYZER_NUMBER_OBJECT_CONVERSION = YES_AGGRESSIVE;
				CLANG_CXX_LANGUAGE_STANDARD = "gnu++14";
				CLANG_CXX_LIBRARY = "libc++";
				CLANG_ENABLE_MODULES = YES;
				CLANG_ENABLE_OBJC_ARC = YES;
				CLANG_WARN_BLOCK_CAPTURE_AUTORELEASING = YES;
				CLANG_WARN_BOOL_CONVERSION = YES;
				CLANG_WARN_COMMA = YES;
				CLANG_WARN_CONSTANT_CONVERSION = YES;
				CLANG_WARN_DIRECT_OBJC_ISA_USAGE = YES_ERROR;
				CLANG_WARN_DOCUMENTATION_COMMENTS = YES;
				CLANG_WARN_EMPTY_BODY = YES;
				CLANG_WARN_ENUM_CONVERSION = YES;
				CLANG_WARN_INFINITE_RECURSION = YES;
				CLANG_WARN_INT_CONVERSION = YES;
				CLANG_WARN_NON_LITERAL_NULL_CONVERSION = YES;
				CLANG_WARN_OBJC_LITERAL_CONVERSION = YES;
				CLANG_WARN_OBJC_ROOT_CLASS = YES_ERROR;
				CLANG_WARN_RANGE_LOOP_ANALYSIS = YES;
				CLANG_WARN_STRICT_PROTOTYPES = YES;
				CLANG_WARN_SUSPICIOUS_MOVE = YES;
				CLANG_WARN_UNGUARDED_AVAILABILITY = YES_AGGRESSIVE;
				CLANG_WARN_UNREACHABLE_CODE = YES;
				CLANG_WARN__DUPLICATE_METHOD_MATCH = YES;
				CODE_SIGN_IDENTITY = "iPhone Developer";
				COPY_PHASE_STRIP = NO;
				DEBUG_INFORMATION_FORMAT = "dwarf-with-dsym";
				ENABLE_NS_ASSERTIONS = NO;
				ENABLE_STRICT_OBJC_MSGSEND = YES;
				GCC_C_LANGUAGE_STANDARD = gnu11;
				GCC_NO_COMMON_BLOCKS = YES;
				GCC_WARN_64_TO_32_BIT_CONVERSION = YES;
				GCC_WARN_ABOUT_RETURN_TYPE = YES_ERROR;
				GCC_WARN_UNDECLARED_SELECTOR = YES;
				GCC_WARN_UNINITIALIZED_AUTOS = YES_AGGRESSIVE;
				GCC_WARN_UNUSED_FUNCTION = YES;
				GCC_WARN_UNUSED_VARIABLE = YES;
				IPHONEOS_DEPLOYMENT_TARGET = 11.2;
				MTL_ENABLE_DEBUG_INFO = NO;
				SDKROOT = iphoneos;
				VALIDATE_PRODUCT = YES;
			};
			name = Release;
		};
		981B05861FF5F1330067411E /* Debug */ = {
			isa = XCBuildConfiguration;
			buildSettings = {
				ASSETCATALOG_COMPILER_APPICON_NAME = AppIcon;
				CODE_SIGN_STYLE = Automatic;
				DEVELOPMENT_TEAM = Y8NGAST6D5;
				INFOPLIST_FILE = BackgroundDownload/Info.plist;
				LD_RUNPATH_SEARCH_PATHS = "$(inherited) @executable_path/Frameworks";
				PRODUCT_BUNDLE_IDENTIFIER = com.quange.BackgroundDownload;
				PRODUCT_NAME = "$(TARGET_NAME)";
				TARGETED_DEVICE_FAMILY = "1,2";
			};
			name = Debug;
		};
		981B05871FF5F1330067411E /* Release */ = {
			isa = XCBuildConfiguration;
			buildSettings = {
				ASSETCATALOG_COMPILER_APPICON_NAME = AppIcon;
				CODE_SIGN_STYLE = Automatic;
				DEVELOPMENT_TEAM = Y8NGAST6D5;
				INFOPLIST_FILE = BackgroundDownload/Info.plist;
				LD_RUNPATH_SEARCH_PATHS = "$(inherited) @executable_path/Frameworks";
				PRODUCT_BUNDLE_IDENTIFIER = com.quange.BackgroundDownload;
				PRODUCT_NAME = "$(TARGET_NAME)";
				TARGETED_DEVICE_FAMILY = "1,2";
			};
			name = Release;
		};
/* End XCBuildConfiguration section */

/* Begin XCConfigurationList section */
		981B056A1FF5F1330067411E /* Build configuration list for PBXProject "BackgroundDownload" */ = {
			isa = XCConfigurationList;
			buildConfigurations = (
				981B05831FF5F1330067411E /* Debug */,
				981B05841FF5F1330067411E /* Release */,
			);
			defaultConfigurationIsVisible = 0;
			defaultConfigurationName = Release;
		};
		981B05851FF5F1330067411E /* Build configuration list for PBXNativeTarget "BackgroundDownload" */ = {
			isa = XCConfigurationList;
			buildConfigurations = (
				981B05861FF5F1330067411E /* Debug */,
				981B05871FF5F1330067411E /* Release */,
			);
			defaultConfigurationIsVisible = 0;
			defaultConfigurationName = Release;
		};
/* End XCConfigurationList section */
	};
	rootObject = 981B05671FF5F1330067411E /* Project object */;
}
